// !$*UTF8*$!
{
	archiveVersion = 1;
	classes = {
	};
	objectVersion = 50;
	objects = {

/* Begin PBXBuildFile section */
		4D3E21688435B6157243298C /* Pods_Places_in_LV.framework in Frameworks */ = {isa = PBXBuildFile; fileRef = 2DC9D937D794DC8A31A0EFA1 /* Pods_Places_in_LV.framework */; };
		9F0888F222787EAE00773BE6 /* DetailCell.swift in Sources */ = {isa = PBXBuildFile; fileRef = 9F0888F122787EAE00773BE6 /* DetailCell.swift */; };
		9F1AA24D2342321C0093C23A /* Map.storyboard in Resources */ = {isa = PBXBuildFile; fileRef = 9F1AA24C2342321C0093C23A /* Map.storyboard */; };
		9F1AA24F234232AC0093C23A /* CategoryCollection.storyboard in Resources */ = {isa = PBXBuildFile; fileRef = 9F1AA24E234232AC0093C23A /* CategoryCollection.storyboard */; };
		9F256A86226088C5003D459A /* DetailVC.swift in Sources */ = {isa = PBXBuildFile; fileRef = 9F256A85226088C5003D459A /* DetailVC.swift */; };
		9F2EC0DB2292B49D00EED38A /* ObjectPreviewView.swift in Sources */ = {isa = PBXBuildFile; fileRef = 9F2EC0DA2292B49D00EED38A /* ObjectPreviewView.swift */; };
		9F32579A231FA2D6001D738F /* SignUpVC.swift in Sources */ = {isa = PBXBuildFile; fileRef = 9F325799231FA2D6001D738F /* SignUpVC.swift */; };
		9F32579C231FA2E6001D738F /* LogInVC.swift in Sources */ = {isa = PBXBuildFile; fileRef = 9F32579B231FA2E6001D738F /* LogInVC.swift */; };
		9F32579E231FA347001D738F /* AuthVC.swift in Sources */ = {isa = PBXBuildFile; fileRef = 9F32579D231FA347001D738F /* AuthVC.swift */; };
		9F3257A1231FD4DA001D738F /* Utilities.swift in Sources */ = {isa = PBXBuildFile; fileRef = 9F3257A0231FD4DA001D738F /* Utilities.swift */; };
		9F3900D423422F8600FFF921 /* LogIn.storyboard in Resources */ = {isa = PBXBuildFile; fileRef = 9F3900D323422F8600FFF921 /* LogIn.storyboard */; };
		9F3900D623422F9B00FFF921 /* SignUp.storyboard in Resources */ = {isa = PBXBuildFile; fileRef = 9F3900D523422F9B00FFF921 /* SignUp.storyboard */; };
		9F3EC058234610BE00B076CE /* Popover.swift in Sources */ = {isa = PBXBuildFile; fileRef = 9F3EC057234610BD00B076CE /* Popover.swift */; };
		9F46ACCD235DEB64001A527C /* Localizable.strings in Resources */ = {isa = PBXBuildFile; fileRef = 9F46ACCF235DEB64001A527C /* Localizable.strings */; };
		9F4CD12B22537CA8001EBCD2 /* AppDelegate.swift in Sources */ = {isa = PBXBuildFile; fileRef = 9F4CD12A22537CA8001EBCD2 /* AppDelegate.swift */; };
		9F4CD12D22537CA8001EBCD2 /* MapViewController.swift in Sources */ = {isa = PBXBuildFile; fileRef = 9F4CD12C22537CA8001EBCD2 /* MapViewController.swift */; };
		9F4CD13022537CA8001EBCD2 /* Main.storyboard in Resources */ = {isa = PBXBuildFile; fileRef = 9F4CD12E22537CA8001EBCD2 /* Main.storyboard */; };
		9F4CD13322537CA8001EBCD2 /* DataModel.xcdatamodeld in Sources */ = {isa = PBXBuildFile; fileRef = 9F4CD13122537CA8001EBCD2 /* DataModel.xcdatamodeld */; };
		9F4CD13522537CA9001EBCD2 /* Assets.xcassets in Resources */ = {isa = PBXBuildFile; fileRef = 9F4CD13422537CA9001EBCD2 /* Assets.xcassets */; };
		9F4CD13822537CA9001EBCD2 /* LaunchScreen.storyboard in Resources */ = {isa = PBXBuildFile; fileRef = 9F4CD13622537CA9001EBCD2 /* LaunchScreen.storyboard */; };
		9F519C8A2342346D007C5B6B /* Season.storyboard in Resources */ = {isa = PBXBuildFile; fileRef = 9F519C892342346D007C5B6B /* Season.storyboard */; };
		9F5D655D2302A762007B2BF4 /* GMUGridBasedClusterAlgorithm.m in Sources */ = {isa = PBXBuildFile; fileRef = 9F5D653D2302A762007B2BF4 /* GMUGridBasedClusterAlgorithm.m */; };
		9F5D655E2302A762007B2BF4 /* GQTPointQuadTree.m in Sources */ = {isa = PBXBuildFile; fileRef = 9F5D653F2302A762007B2BF4 /* GQTPointQuadTree.m */; };
		9F5D655F2302A762007B2BF4 /* GMUClusterManager.m in Sources */ = {isa = PBXBuildFile; fileRef = 9F5D65402302A762007B2BF4 /* GMUClusterManager.m */; };
		9F5D65602302A762007B2BF4 /* GMUDefaultClusterRenderer.m in Sources */ = {isa = PBXBuildFile; fileRef = 9F5D65472302A762007B2BF4 /* GMUDefaultClusterRenderer.m */; };
		9F5D65612302A762007B2BF4 /* GMUWrappingDictionaryKey.m in Sources */ = {isa = PBXBuildFile; fileRef = 9F5D65482302A762007B2BF4 /* GMUWrappingDictionaryKey.m */; };
		9F5D65622302A762007B2BF4 /* GQTPointQuadTreeChild.m in Sources */ = {isa = PBXBuildFile; fileRef = 9F5D654A2302A762007B2BF4 /* GQTPointQuadTreeChild.m */; };
		9F5D65632302A762007B2BF4 /* GMUSimpleClusterAlgorithm.m in Sources */ = {isa = PBXBuildFile; fileRef = 9F5D654C2302A762007B2BF4 /* GMUSimpleClusterAlgorithm.m */; };
		9F5D65642302A762007B2BF4 /* GMUNonHierarchicalDistanceBasedAlgorithm.m in Sources */ = {isa = PBXBuildFile; fileRef = 9F5D65512302A762007B2BF4 /* GMUNonHierarchicalDistanceBasedAlgorithm.m */; };
		9F5D65652302A762007B2BF4 /* GMUStaticCluster.m in Sources */ = {isa = PBXBuildFile; fileRef = 9F5D65532302A762007B2BF4 /* GMUStaticCluster.m */; };
		9F5D65662302A762007B2BF4 /* GMUDefaultClusterIconGenerator.m in Sources */ = {isa = PBXBuildFile; fileRef = 9F5D65572302A762007B2BF4 /* GMUDefaultClusterIconGenerator.m */; };
		9F5D656923054483007B2BF4 /* POIItem.swift in Sources */ = {isa = PBXBuildFile; fileRef = 9F5D656823054483007B2BF4 /* POIItem.swift */; };
		9F5D656C23054A6E007B2BF4 /* CustomMarkers.swift in Sources */ = {isa = PBXBuildFile; fileRef = 9F5D656B23054A6E007B2BF4 /* CustomMarkers.swift */; };
		9F62028A231D2F2E00A8E0CC /* GoogleService-Info.plist in Resources */ = {isa = PBXBuildFile; fileRef = 9F620289231D2F2E00A8E0CC /* GoogleService-Info.plist */; };
		9F74E25C2265EEC8007D843F /* MapStyle.json in Resources */ = {isa = PBXBuildFile; fileRef = 9F74E25B2265EEC8007D843F /* MapStyle.json */; };
		9F9333A32342338400C45916 /* Detail.storyboard in Resources */ = {isa = PBXBuildFile; fileRef = 9F9333A22342338400C45916 /* Detail.storyboard */; };
		9F977CFB2271CEEE00E214F6 /* CategoryCollectionVC.swift in Sources */ = {isa = PBXBuildFile; fileRef = 9F977CFA2271CEEE00E214F6 /* CategoryCollectionVC.swift */; };
		9F977D022271D3B500E214F6 /* CategoryCell.swift in Sources */ = {isa = PBXBuildFile; fileRef = 9F977D012271D3B500E214F6 /* CategoryCell.swift */; };
		9F977D2B227306A400E214F6 /* DetailCollectionVC.swift in Sources */ = {isa = PBXBuildFile; fileRef = 9F977D2A227306A400E214F6 /* DetailCollectionVC.swift */; };
		9FA4948722F830D90051C255 /* ObjectPreviewView.xib in Resources */ = {isa = PBXBuildFile; fileRef = 9FA4948622F830D90051C255 /* ObjectPreviewView.xib */; };
		9FA4948922F856B60051C255 /* Data.json in Resources */ = {isa = PBXBuildFile; fileRef = 9FA4948822F856B60051C255 /* Data.json */; };
		9FA8406B2342349A008CFF67 /* Settings.storyboard in Resources */ = {isa = PBXBuildFile; fileRef = 9FA8406A2342349A008CFF67 /* Settings.storyboard */; };
		9FB93AB4225B596900360E48 /* SideMenuVC.swift in Sources */ = {isa = PBXBuildFile; fileRef = 9FB93AB3225B596900360E48 /* SideMenuVC.swift */; };
		9FB93AB6225B5C8E00360E48 /* ContainerView.swift in Sources */ = {isa = PBXBuildFile; fileRef = 9FB93AB5225B5C8E00360E48 /* ContainerView.swift */; };
		9FB93AB8225B6AC800360E48 /* SearchBySeasonVC.swift in Sources */ = {isa = PBXBuildFile; fileRef = 9FB93AB7225B6AC800360E48 /* SearchBySeasonVC.swift */; };
		9FB93ABA225B6AF800360E48 /* SettingsVC.swift in Sources */ = {isa = PBXBuildFile; fileRef = 9FB93AB9225B6AF800360E48 /* SettingsVC.swift */; };
		9FB93ABC225B859E00360E48 /* Helper.swift in Sources */ = {isa = PBXBuildFile; fileRef = 9FB93ABB225B859E00360E48 /* Helper.swift */; };
		9FB93AC2225DF78300360E48 /* CategoryList.swift in Sources */ = {isa = PBXBuildFile; fileRef = 9FB93AC1225DF78300360E48 /* CategoryList.swift */; };
		9FB93AC4225DFDDC00360E48 /* DetailTableViewController.swift in Sources */ = {isa = PBXBuildFile; fileRef = 9FB93AC3225DFDDC00360E48 /* DetailTableViewController.swift */; };
		9FBBA31F22562F9E00A8FD2B /* CategoryTableViewController.swift in Sources */ = {isa = PBXBuildFile; fileRef = 9FBBA31E22562F9E00A8FD2B /* CategoryTableViewController.swift */; };
		9FBE30012359D0D100F2337E /* UIViewXRadialGradient.swift in Sources */ = {isa = PBXBuildFile; fileRef = 9FBE2FF72359D0CF00F2337E /* UIViewXRadialGradient.swift */; };
		9FBE30022359D0D100F2337E /* UISliderX.swift in Sources */ = {isa = PBXBuildFile; fileRef = 9FBE2FF82359D0CF00F2337E /* UISliderX.swift */; };
		9FBE30032359D0D100F2337E /* UITextFieldX.swift in Sources */ = {isa = PBXBuildFile; fileRef = 9FBE2FF92359D0D000F2337E /* UITextFieldX.swift */; };
		9FBE30042359D0D100F2337E /* UIViewControllerX.swift in Sources */ = {isa = PBXBuildFile; fileRef = 9FBE2FFA2359D0D000F2337E /* UIViewControllerX.swift */; };
		9FBE30052359D0D100F2337E /* UILabelX.swift in Sources */ = {isa = PBXBuildFile; fileRef = 9FBE2FFB2359D0D000F2337E /* UILabelX.swift */; };
		9FBE30062359D0D100F2337E /* UIImageViewX.swift in Sources */ = {isa = PBXBuildFile; fileRef = 9FBE2FFC2359D0D000F2337E /* UIImageViewX.swift */; };
		9FBE30072359D0D100F2337E /* UIVisualEffectViewX.swift in Sources */ = {isa = PBXBuildFile; fileRef = 9FBE2FFD2359D0D000F2337E /* UIVisualEffectViewX.swift */; };
		9FBE30082359D0D100F2337E /* UIViewAnchorPoint.swift in Sources */ = {isa = PBXBuildFile; fileRef = 9FBE2FFE2359D0D000F2337E /* UIViewAnchorPoint.swift */; };
		9FBE30092359D0D100F2337E /* UIButtonX.swift in Sources */ = {isa = PBXBuildFile; fileRef = 9FBE2FFF2359D0D100F2337E /* UIButtonX.swift */; };
		9FBE300A2359D0D100F2337E /* UIViewX.swift in Sources */ = {isa = PBXBuildFile; fileRef = 9FBE30002359D0D100F2337E /* UIViewX.swift */; };
		9FE05C0423292A4500166DE6 /* Reachability.swift in Sources */ = {isa = PBXBuildFile; fileRef = 9FE05C0323292A4500166DE6 /* Reachability.swift */; };
		9FE63C1A225497DF00F7C5BC /* Default-568h@2x.png in Resources */ = {isa = PBXBuildFile; fileRef = 9FE63C19225497DF00F7C5BC /* Default-568h@2x.png */; };
		9FF023982321231B004EFDC7 /* ChooseLogInVC.swift in Sources */ = {isa = PBXBuildFile; fileRef = 9FF023972321231B004EFDC7 /* ChooseLogInVC.swift */; };
		9FFC7187231FEAD800E486D0 /* Constants.swift in Sources */ = {isa = PBXBuildFile; fileRef = 9FFC7186231FEAD800E486D0 /* Constants.swift */; };
/* End PBXBuildFile section */

/* Begin PBXFileReference section */
		2DC9D937D794DC8A31A0EFA1 /* Pods_Places_in_LV.framework */ = {isa = PBXFileReference; explicitFileType = wrapper.framework; includeInIndex = 0; path = Pods_Places_in_LV.framework; sourceTree = BUILT_PRODUCTS_DIR; };
		858E39007F9B1CCDEAB339AF /* Pods-Places in LV.debug.xcconfig */ = {isa = PBXFileReference; includeInIndex = 1; lastKnownFileType = text.xcconfig; name = "Pods-Places in LV.debug.xcconfig"; path = "Pods/Target Support Files/Pods-Places in LV/Pods-Places in LV.debug.xcconfig"; sourceTree = "<group>"; };
		9F0888F122787EAE00773BE6 /* DetailCell.swift */ = {isa = PBXFileReference; lastKnownFileType = sourcecode.swift; path = DetailCell.swift; sourceTree = "<group>"; };
		9F1AA24C2342321C0093C23A /* Map.storyboard */ = {isa = PBXFileReference; lastKnownFileType = file.storyboard; path = Map.storyboard; sourceTree = "<group>"; };
		9F1AA24E234232AC0093C23A /* CategoryCollection.storyboard */ = {isa = PBXFileReference; lastKnownFileType = file.storyboard; path = CategoryCollection.storyboard; sourceTree = "<group>"; };
		9F256A85226088C5003D459A /* DetailVC.swift */ = {isa = PBXFileReference; lastKnownFileType = sourcecode.swift; path = DetailVC.swift; sourceTree = "<group>"; };
		9F2EC0DA2292B49D00EED38A /* ObjectPreviewView.swift */ = {isa = PBXFileReference; lastKnownFileType = sourcecode.swift; path = ObjectPreviewView.swift; sourceTree = "<group>"; };
		9F325799231FA2D6001D738F /* SignUpVC.swift */ = {isa = PBXFileReference; lastKnownFileType = sourcecode.swift; path = SignUpVC.swift; sourceTree = "<group>"; };
		9F32579B231FA2E6001D738F /* LogInVC.swift */ = {isa = PBXFileReference; lastKnownFileType = sourcecode.swift; path = LogInVC.swift; sourceTree = "<group>"; };
		9F32579D231FA347001D738F /* AuthVC.swift */ = {isa = PBXFileReference; lastKnownFileType = sourcecode.swift; path = AuthVC.swift; sourceTree = "<group>"; };
		9F3257A0231FD4DA001D738F /* Utilities.swift */ = {isa = PBXFileReference; fileEncoding = 4; lastKnownFileType = sourcecode.swift; path = Utilities.swift; sourceTree = "<group>"; };
		9F3900D323422F8600FFF921 /* LogIn.storyboard */ = {isa = PBXFileReference; lastKnownFileType = file.storyboard; path = LogIn.storyboard; sourceTree = "<group>"; };
		9F3900D523422F9B00FFF921 /* SignUp.storyboard */ = {isa = PBXFileReference; lastKnownFileType = file.storyboard; path = SignUp.storyboard; sourceTree = "<group>"; };
		9F3EC057234610BD00B076CE /* Popover.swift */ = {isa = PBXFileReference; fileEncoding = 4; lastKnownFileType = sourcecode.swift; path = Popover.swift; sourceTree = "<group>"; };
		9F46ACCE235DEB64001A527C /* en */ = {isa = PBXFileReference; lastKnownFileType = text.plist.strings; name = en; path = en.lproj/Localizable.strings; sourceTree = "<group>"; };
		9F46ACD2235EE7E3001A527C /* ru */ = {isa = PBXFileReference; lastKnownFileType = text.plist.strings; name = ru; path = ru.lproj/Localizable.strings; sourceTree = "<group>"; };
		9F46ACD3235EFB00001A527C /* lv */ = {isa = PBXFileReference; lastKnownFileType = text.plist.strings; name = lv; path = lv.lproj/Localizable.strings; sourceTree = "<group>"; };
		9F4CD12722537CA8001EBCD2 /* Places in LV.app */ = {isa = PBXFileReference; explicitFileType = wrapper.application; includeInIndex = 0; path = "Places in LV.app"; sourceTree = BUILT_PRODUCTS_DIR; };
		9F4CD12A22537CA8001EBCD2 /* AppDelegate.swift */ = {isa = PBXFileReference; lastKnownFileType = sourcecode.swift; path = AppDelegate.swift; sourceTree = "<group>"; };
		9F4CD12C22537CA8001EBCD2 /* MapViewController.swift */ = {isa = PBXFileReference; lastKnownFileType = sourcecode.swift; path = MapViewController.swift; sourceTree = "<group>"; };
		9F4CD12F22537CA8001EBCD2 /* Base */ = {isa = PBXFileReference; lastKnownFileType = file.storyboard; name = Base; path = Base.lproj/Main.storyboard; sourceTree = "<group>"; };
		9F4CD13222537CA8001EBCD2 /* Places_in_LV.xcdatamodel */ = {isa = PBXFileReference; lastKnownFileType = wrapper.xcdatamodel; path = Places_in_LV.xcdatamodel; sourceTree = "<group>"; };
		9F4CD13422537CA9001EBCD2 /* Assets.xcassets */ = {isa = PBXFileReference; lastKnownFileType = folder.assetcatalog; path = Assets.xcassets; sourceTree = "<group>"; };
		9F4CD13722537CA9001EBCD2 /* Base */ = {isa = PBXFileReference; lastKnownFileType = file.storyboard; name = Base; path = Base.lproj/LaunchScreen.storyboard; sourceTree = "<group>"; };
		9F4CD13922537CA9001EBCD2 /* Info.plist */ = {isa = PBXFileReference; lastKnownFileType = text.plist.xml; path = Info.plist; sourceTree = "<group>"; };
		9F519C892342346D007C5B6B /* Season.storyboard */ = {isa = PBXFileReference; lastKnownFileType = file.storyboard; path = Season.storyboard; sourceTree = "<group>"; };
		9F5D64ED2302A0F7007B2BF4 /* GoogleUtils-Bridging-Header.h */ = {isa = PBXFileReference; lastKnownFileType = sourcecode.c.h; path = "GoogleUtils-Bridging-Header.h"; sourceTree = "<group>"; };
		9F5D653D2302A762007B2BF4 /* GMUGridBasedClusterAlgorithm.m */ = {isa = PBXFileReference; fileEncoding = 4; lastKnownFileType = sourcecode.c.objc; path = GMUGridBasedClusterAlgorithm.m; sourceTree = "<group>"; };
		9F5D653E2302A762007B2BF4 /* GMUClusterIconGenerator.h */ = {isa = PBXFileReference; fileEncoding = 4; lastKnownFileType = sourcecode.c.h; path = GMUClusterIconGenerator.h; sourceTree = "<group>"; };
		9F5D653F2302A762007B2BF4 /* GQTPointQuadTree.m */ = {isa = PBXFileReference; fileEncoding = 4; lastKnownFileType = sourcecode.c.objc; path = GQTPointQuadTree.m; sourceTree = "<group>"; };
		9F5D65402302A762007B2BF4 /* GMUClusterManager.m */ = {isa = PBXFileReference; fileEncoding = 4; lastKnownFileType = sourcecode.c.objc; path = GMUClusterManager.m; sourceTree = "<group>"; };
		9F5D65412302A762007B2BF4 /* GQTPointQuadTreeItem.h */ = {isa = PBXFileReference; fileEncoding = 4; lastKnownFileType = sourcecode.c.h; path = GQTPointQuadTreeItem.h; sourceTree = "<group>"; };
		9F5D65422302A762007B2BF4 /* GMUClusterAlgorithm.h */ = {isa = PBXFileReference; fileEncoding = 4; lastKnownFileType = sourcecode.c.h; path = GMUClusterAlgorithm.h; sourceTree = "<group>"; };
		9F5D65432302A762007B2BF4 /* GMUStaticCluster.h */ = {isa = PBXFileReference; fileEncoding = 4; lastKnownFileType = sourcecode.c.h; path = GMUStaticCluster.h; sourceTree = "<group>"; };
		9F5D65442302A762007B2BF4 /* GMUClusterRenderer.h */ = {isa = PBXFileReference; fileEncoding = 4; lastKnownFileType = sourcecode.c.h; path = GMUClusterRenderer.h; sourceTree = "<group>"; };
		9F5D65452302A762007B2BF4 /* GMUNonHierarchicalDistanceBasedAlgorithm.h */ = {isa = PBXFileReference; fileEncoding = 4; lastKnownFileType = sourcecode.c.h; path = GMUNonHierarchicalDistanceBasedAlgorithm.h; sourceTree = "<group>"; };
		9F5D65462302A762007B2BF4 /* GMUDefaultClusterRenderer+Testing.h */ = {isa = PBXFileReference; fileEncoding = 4; lastKnownFileType = sourcecode.c.h; path = "GMUDefaultClusterRenderer+Testing.h"; sourceTree = "<group>"; };
		9F5D65472302A762007B2BF4 /* GMUDefaultClusterRenderer.m */ = {isa = PBXFileReference; fileEncoding = 4; lastKnownFileType = sourcecode.c.objc; path = GMUDefaultClusterRenderer.m; sourceTree = "<group>"; };
		9F5D65482302A762007B2BF4 /* GMUWrappingDictionaryKey.m */ = {isa = PBXFileReference; fileEncoding = 4; lastKnownFileType = sourcecode.c.objc; path = GMUWrappingDictionaryKey.m; sourceTree = "<group>"; };
		9F5D65492302A762007B2BF4 /* GMUMarkerClustering.h */ = {isa = PBXFileReference; fileEncoding = 4; lastKnownFileType = sourcecode.c.h; path = GMUMarkerClustering.h; sourceTree = "<group>"; };
		9F5D654A2302A762007B2BF4 /* GQTPointQuadTreeChild.m */ = {isa = PBXFileReference; fileEncoding = 4; lastKnownFileType = sourcecode.c.objc; path = GQTPointQuadTreeChild.m; sourceTree = "<group>"; };
		9F5D654B2302A762007B2BF4 /* GMUDefaultClusterIconGenerator.h */ = {isa = PBXFileReference; fileEncoding = 4; lastKnownFileType = sourcecode.c.h; path = GMUDefaultClusterIconGenerator.h; sourceTree = "<group>"; };
		9F5D654C2302A762007B2BF4 /* GMUSimpleClusterAlgorithm.m */ = {isa = PBXFileReference; fileEncoding = 4; lastKnownFileType = sourcecode.c.objc; path = GMUSimpleClusterAlgorithm.m; sourceTree = "<group>"; };
		9F5D654D2302A762007B2BF4 /* GMUClusterManager.h */ = {isa = PBXFileReference; fileEncoding = 4; lastKnownFileType = sourcecode.c.h; path = GMUClusterManager.h; sourceTree = "<group>"; };
		9F5D654E2302A762007B2BF4 /* GQTPoint.h */ = {isa = PBXFileReference; fileEncoding = 4; lastKnownFileType = sourcecode.c.h; path = GQTPoint.h; sourceTree = "<group>"; };
		9F5D654F2302A762007B2BF4 /* GQTPointQuadTree.h */ = {isa = PBXFileReference; fileEncoding = 4; lastKnownFileType = sourcecode.c.h; path = GQTPointQuadTree.h; sourceTree = "<group>"; };
		9F5D65502302A762007B2BF4 /* GMUGridBasedClusterAlgorithm.h */ = {isa = PBXFileReference; fileEncoding = 4; lastKnownFileType = sourcecode.c.h; path = GMUGridBasedClusterAlgorithm.h; sourceTree = "<group>"; };
		9F5D65512302A762007B2BF4 /* GMUNonHierarchicalDistanceBasedAlgorithm.m */ = {isa = PBXFileReference; fileEncoding = 4; lastKnownFileType = sourcecode.c.objc; path = GMUNonHierarchicalDistanceBasedAlgorithm.m; sourceTree = "<group>"; };
		9F5D65522302A762007B2BF4 /* GMUClusterManager+Testing.h */ = {isa = PBXFileReference; fileEncoding = 4; lastKnownFileType = sourcecode.c.h; path = "GMUClusterManager+Testing.h"; sourceTree = "<group>"; };
		9F5D65532302A762007B2BF4 /* GMUStaticCluster.m */ = {isa = PBXFileReference; fileEncoding = 4; lastKnownFileType = sourcecode.c.objc; path = GMUStaticCluster.m; sourceTree = "<group>"; };
		9F5D65542302A762007B2BF4 /* GMUCluster.h */ = {isa = PBXFileReference; fileEncoding = 4; lastKnownFileType = sourcecode.c.h; path = GMUCluster.h; sourceTree = "<group>"; };
		9F5D65552302A762007B2BF4 /* GMUClusterItem.h */ = {isa = PBXFileReference; fileEncoding = 4; lastKnownFileType = sourcecode.c.h; path = GMUClusterItem.h; sourceTree = "<group>"; };
		9F5D65562302A762007B2BF4 /* GMUSimpleClusterAlgorithm.h */ = {isa = PBXFileReference; fileEncoding = 4; lastKnownFileType = sourcecode.c.h; path = GMUSimpleClusterAlgorithm.h; sourceTree = "<group>"; };
		9F5D65572302A762007B2BF4 /* GMUDefaultClusterIconGenerator.m */ = {isa = PBXFileReference; fileEncoding = 4; lastKnownFileType = sourcecode.c.objc; path = GMUDefaultClusterIconGenerator.m; sourceTree = "<group>"; };
		9F5D65582302A762007B2BF4 /* GQTPointQuadTreeChild.h */ = {isa = PBXFileReference; fileEncoding = 4; lastKnownFileType = sourcecode.c.h; path = GQTPointQuadTreeChild.h; sourceTree = "<group>"; };
		9F5D65592302A762007B2BF4 /* GMUWrappingDictionaryKey.h */ = {isa = PBXFileReference; fileEncoding = 4; lastKnownFileType = sourcecode.c.h; path = GMUWrappingDictionaryKey.h; sourceTree = "<group>"; };
		9F5D655A2302A762007B2BF4 /* GMUDefaultClusterRenderer.h */ = {isa = PBXFileReference; fileEncoding = 4; lastKnownFileType = sourcecode.c.h; path = GMUDefaultClusterRenderer.h; sourceTree = "<group>"; };
		9F5D655B2302A762007B2BF4 /* GQTBounds.h */ = {isa = PBXFileReference; fileEncoding = 4; lastKnownFileType = sourcecode.c.h; path = GQTBounds.h; sourceTree = "<group>"; };
		9F5D655C2302A762007B2BF4 /* GMUDefaultClusterIconGenerator+Testing.h */ = {isa = PBXFileReference; fileEncoding = 4; lastKnownFileType = sourcecode.c.h; path = "GMUDefaultClusterIconGenerator+Testing.h"; sourceTree = "<group>"; };
		9F5D6567230441AB007B2BF4 /* MarkerManager.h */ = {isa = PBXFileReference; lastKnownFileType = sourcecode.c.h; path = MarkerManager.h; sourceTree = "<group>"; };
		9F5D656823054483007B2BF4 /* POIItem.swift */ = {isa = PBXFileReference; lastKnownFileType = sourcecode.swift; path = POIItem.swift; sourceTree = "<group>"; };
		9F5D656B23054A6E007B2BF4 /* CustomMarkers.swift */ = {isa = PBXFileReference; lastKnownFileType = sourcecode.swift; path = CustomMarkers.swift; sourceTree = "<group>"; };
		9F620289231D2F2E00A8E0CC /* GoogleService-Info.plist */ = {isa = PBXFileReference; fileEncoding = 4; lastKnownFileType = text.plist.xml; path = "GoogleService-Info.plist"; sourceTree = "<group>"; };
		9F74E25B2265EEC8007D843F /* MapStyle.json */ = {isa = PBXFileReference; lastKnownFileType = text.json; path = MapStyle.json; sourceTree = "<group>"; };
		9F9333A22342338400C45916 /* Detail.storyboard */ = {isa = PBXFileReference; lastKnownFileType = file.storyboard; path = Detail.storyboard; sourceTree = "<group>"; };
		9F977CFA2271CEEE00E214F6 /* CategoryCollectionVC.swift */ = {isa = PBXFileReference; lastKnownFileType = sourcecode.swift; path = CategoryCollectionVC.swift; sourceTree = "<group>"; };
		9F977D012271D3B500E214F6 /* CategoryCell.swift */ = {isa = PBXFileReference; lastKnownFileType = sourcecode.swift; path = CategoryCell.swift; sourceTree = "<group>"; };
		9F977D192272FF7B00E214F6 /* SCRIPTIN.ttf */ = {isa = PBXFileReference; lastKnownFileType = file; path = SCRIPTIN.ttf; sourceTree = "<group>"; };
		9F977D1A2272FF7B00E214F6 /* readme.txt */ = {isa = PBXFileReference; fileEncoding = 4; lastKnownFileType = text; path = readme.txt; sourceTree = "<group>"; };
		9F977D1B2272FF7B00E214F6 /* SCRIPALT.ttf */ = {isa = PBXFileReference; lastKnownFileType = file; path = SCRIPALT.ttf; sourceTree = "<group>"; };
		9F977D202273029500E214F6 /* Domestic_Manners.ttf */ = {isa = PBXFileReference; lastKnownFileType = file; path = Domestic_Manners.ttf; sourceTree = "<group>"; };
		9F977D212273029500E214F6 /* license.txt */ = {isa = PBXFileReference; fileEncoding = 4; lastKnownFileType = text; path = license.txt; sourceTree = "<group>"; };
		9F977D252273040100E214F6 /* ReadMe.txt */ = {isa = PBXFileReference; fileEncoding = 4; lastKnownFileType = text; path = ReadMe.txt; sourceTree = "<group>"; };
		9F977D262273040100E214F6 /* dadha___.ttf */ = {isa = PBXFileReference; lastKnownFileType = file; path = "dadha___.ttf"; sourceTree = "<group>"; };
		9F977D2A227306A400E214F6 /* DetailCollectionVC.swift */ = {isa = PBXFileReference; lastKnownFileType = sourcecode.swift; path = DetailCollectionVC.swift; sourceTree = "<group>"; };
		9FA4948622F830D90051C255 /* ObjectPreviewView.xib */ = {isa = PBXFileReference; lastKnownFileType = file.xib; path = ObjectPreviewView.xib; sourceTree = "<group>"; };
		9FA4948822F856B60051C255 /* Data.json */ = {isa = PBXFileReference; lastKnownFileType = text.json; path = Data.json; sourceTree = "<group>"; };
		9FA8406A2342349A008CFF67 /* Settings.storyboard */ = {isa = PBXFileReference; lastKnownFileType = file.storyboard; path = Settings.storyboard; sourceTree = "<group>"; };
		9FB93AB3225B596900360E48 /* SideMenuVC.swift */ = {isa = PBXFileReference; lastKnownFileType = sourcecode.swift; path = SideMenuVC.swift; sourceTree = "<group>"; };
		9FB93AB5225B5C8E00360E48 /* ContainerView.swift */ = {isa = PBXFileReference; lastKnownFileType = sourcecode.swift; path = ContainerView.swift; sourceTree = "<group>"; };
		9FB93AB7225B6AC800360E48 /* SearchBySeasonVC.swift */ = {isa = PBXFileReference; lastKnownFileType = sourcecode.swift; path = SearchBySeasonVC.swift; sourceTree = "<group>"; };
		9FB93AB9225B6AF800360E48 /* SettingsVC.swift */ = {isa = PBXFileReference; lastKnownFileType = sourcecode.swift; path = SettingsVC.swift; sourceTree = "<group>"; };
		9FB93ABB225B859E00360E48 /* Helper.swift */ = {isa = PBXFileReference; lastKnownFileType = sourcecode.swift; path = Helper.swift; sourceTree = "<group>"; };
		9FB93AC1225DF78300360E48 /* CategoryList.swift */ = {isa = PBXFileReference; lastKnownFileType = sourcecode.swift; path = CategoryList.swift; sourceTree = "<group>"; };
		9FB93AC3225DFDDC00360E48 /* DetailTableViewController.swift */ = {isa = PBXFileReference; lastKnownFileType = sourcecode.swift; path = DetailTableViewController.swift; sourceTree = "<group>"; };
		9FBBA31E22562F9E00A8FD2B /* CategoryTableViewController.swift */ = {isa = PBXFileReference; lastKnownFileType = sourcecode.swift; path = CategoryTableViewController.swift; sourceTree = "<group>"; };
		9FBE2FF72359D0CF00F2337E /* UIViewXRadialGradient.swift */ = {isa = PBXFileReference; fileEncoding = 4; lastKnownFileType = sourcecode.swift; name = UIViewXRadialGradient.swift; path = DesignableX/UIViewXRadialGradient.swift; sourceTree = SOURCE_ROOT; };
		9FBE2FF82359D0CF00F2337E /* UISliderX.swift */ = {isa = PBXFileReference; fileEncoding = 4; lastKnownFileType = sourcecode.swift; name = UISliderX.swift; path = DesignableX/UISliderX.swift; sourceTree = SOURCE_ROOT; };
		9FBE2FF92359D0D000F2337E /* UITextFieldX.swift */ = {isa = PBXFileReference; fileEncoding = 4; lastKnownFileType = sourcecode.swift; name = UITextFieldX.swift; path = DesignableX/UITextFieldX.swift; sourceTree = SOURCE_ROOT; };
		9FBE2FFA2359D0D000F2337E /* UIViewControllerX.swift */ = {isa = PBXFileReference; fileEncoding = 4; lastKnownFileType = sourcecode.swift; name = UIViewControllerX.swift; path = DesignableX/UIViewControllerX.swift; sourceTree = SOURCE_ROOT; };
		9FBE2FFB2359D0D000F2337E /* UILabelX.swift */ = {isa = PBXFileReference; fileEncoding = 4; lastKnownFileType = sourcecode.swift; name = UILabelX.swift; path = DesignableX/UILabelX.swift; sourceTree = SOURCE_ROOT; };
		9FBE2FFC2359D0D000F2337E /* UIImageViewX.swift */ = {isa = PBXFileReference; fileEncoding = 4; lastKnownFileType = sourcecode.swift; name = UIImageViewX.swift; path = DesignableX/UIImageViewX.swift; sourceTree = SOURCE_ROOT; };
		9FBE2FFD2359D0D000F2337E /* UIVisualEffectViewX.swift */ = {isa = PBXFileReference; fileEncoding = 4; lastKnownFileType = sourcecode.swift; name = UIVisualEffectViewX.swift; path = DesignableX/UIVisualEffectViewX.swift; sourceTree = SOURCE_ROOT; };
		9FBE2FFE2359D0D000F2337E /* UIViewAnchorPoint.swift */ = {isa = PBXFileReference; fileEncoding = 4; lastKnownFileType = sourcecode.swift; name = UIViewAnchorPoint.swift; path = DesignableX/UIViewAnchorPoint.swift; sourceTree = SOURCE_ROOT; };
		9FBE2FFF2359D0D100F2337E /* UIButtonX.swift */ = {isa = PBXFileReference; fileEncoding = 4; lastKnownFileType = sourcecode.swift; name = UIButtonX.swift; path = DesignableX/UIButtonX.swift; sourceTree = SOURCE_ROOT; };
		9FBE30002359D0D100F2337E /* UIViewX.swift */ = {isa = PBXFileReference; fileEncoding = 4; lastKnownFileType = sourcecode.swift; name = UIViewX.swift; path = DesignableX/UIViewX.swift; sourceTree = SOURCE_ROOT; };
		9FE05C0323292A4500166DE6 /* Reachability.swift */ = {isa = PBXFileReference; lastKnownFileType = sourcecode.swift; path = Reachability.swift; sourceTree = "<group>"; };
		9FE63C19225497DF00F7C5BC /* Default-568h@2x.png */ = {isa = PBXFileReference; lastKnownFileType = image.png; path = "Default-568h@2x.png"; sourceTree = "<group>"; };
		9FF023972321231B004EFDC7 /* ChooseLogInVC.swift */ = {isa = PBXFileReference; lastKnownFileType = sourcecode.swift; path = ChooseLogInVC.swift; sourceTree = "<group>"; };
		9FFC7186231FEAD800E486D0 /* Constants.swift */ = {isa = PBXFileReference; lastKnownFileType = sourcecode.swift; path = Constants.swift; sourceTree = "<group>"; };
		F6BD1DBBBE92605C7FC31AD4 /* Pods-Places in LV.release.xcconfig */ = {isa = PBXFileReference; includeInIndex = 1; lastKnownFileType = text.xcconfig; name = "Pods-Places in LV.release.xcconfig"; path = "Pods/Target Support Files/Pods-Places in LV/Pods-Places in LV.release.xcconfig"; sourceTree = "<group>"; };
/* End PBXFileReference section */

/* Begin PBXFrameworksBuildPhase section */
		9F4CD12422537CA8001EBCD2 /* Frameworks */ = {
			isa = PBXFrameworksBuildPhase;
			buildActionMask = 2147483647;
			files = (
				4D3E21688435B6157243298C /* Pods_Places_in_LV.framework in Frameworks */,
			);
			runOnlyForDeploymentPostprocessing = 0;
		};
/* End PBXFrameworksBuildPhase section */

/* Begin PBXGroup section */
		8175A657F4DF04BDEBCF3CA9 /* Frameworks */ = {
			isa = PBXGroup;
			children = (
				2DC9D937D794DC8A31A0EFA1 /* Pods_Places_in_LV.framework */,
			);
			name = Frameworks;
			sourceTree = "<group>";
		};
		9F325795231FA29B001D738F /* Authentification */ = {
			isa = PBXGroup;
			children = (
				9F32579D231FA347001D738F /* AuthVC.swift */,
				9F325799231FA2D6001D738F /* SignUpVC.swift */,
				9F32579B231FA2E6001D738F /* LogInVC.swift */,
				9FF023972321231B004EFDC7 /* ChooseLogInVC.swift */,
			);
			path = Authentification;
			sourceTree = "<group>";
		};
		9F32579F231FD4CD001D738F /* Helpers */ = {
			isa = PBXGroup;
			children = (
				9F3257A0231FD4DA001D738F /* Utilities.swift */,
				9FB93ABB225B859E00360E48 /* Helper.swift */,
				9FFC7186231FEAD800E486D0 /* Constants.swift */,
				9FE05C0323292A4500166DE6 /* Reachability.swift */,
				9F3EC057234610BD00B076CE /* Popover.swift */,
			);
			path = Helpers;
			sourceTree = "<group>";
		};
		9F46ACCA235DEB12001A527C /* Localizations */ = {
			isa = PBXGroup;
			children = (
				9F46ACCF235DEB64001A527C /* Localizable.strings */,
			);
			path = Localizations;
			sourceTree = "<group>";
		};
		9F4CD11E22537CA8001EBCD2 = {
			isa = PBXGroup;
			children = (
				9FE63C19225497DF00F7C5BC /* Default-568h@2x.png */,
				9F4CD12922537CA8001EBCD2 /* Places in LV */,
				9F5D653C2302A762007B2BF4 /* Google-Maps-iOS-Utils */,
				9F4CD12822537CA8001EBCD2 /* Products */,
				C6F762A8100DFD94CCBD4B81 /* Pods */,
				8175A657F4DF04BDEBCF3CA9 /* Frameworks */,
			);
			sourceTree = "<group>";
		};
		9F4CD12822537CA8001EBCD2 /* Products */ = {
			isa = PBXGroup;
			children = (
				9F4CD12722537CA8001EBCD2 /* Places in LV.app */,
			);
			name = Products;
			sourceTree = "<group>";
		};
		9F4CD12922537CA8001EBCD2 /* Places in LV */ = {
			isa = PBXGroup;
			children = (
				9F46ACCA235DEB12001A527C /* Localizations */,
				9F32579F231FD4CD001D738F /* Helpers */,
				9F620289231D2F2E00A8E0CC /* GoogleService-Info.plist */,
				9F4CD13F22537E28001EBCD2 /* Controlers */,
				9F4CD14022537E4E001EBCD2 /* View */,
				9F4CD14122537E69001EBCD2 /* Model */,
				9F4CD14222537E7C001EBCD2 /* Other */,
				9F977D032272FF5E00E214F6 /* DesignableX */,
			);
			path = "Places in LV";
			sourceTree = "<group>";
		};
		9F4CD13F22537E28001EBCD2 /* Controlers */ = {
			isa = PBXGroup;
			children = (
				9F325795231FA29B001D738F /* Authentification */,
				9FB93AB5225B5C8E00360E48 /* ContainerView.swift */,
				9F4CD12C22537CA8001EBCD2 /* MapViewController.swift */,
				9FBBA31E22562F9E00A8FD2B /* CategoryTableViewController.swift */,
				9FB93AC3225DFDDC00360E48 /* DetailTableViewController.swift */,
				9FB93AB3225B596900360E48 /* SideMenuVC.swift */,
				9FB93AB7225B6AC800360E48 /* SearchBySeasonVC.swift */,
				9FB93AB9225B6AF800360E48 /* SettingsVC.swift */,
				9F977CFA2271CEEE00E214F6 /* CategoryCollectionVC.swift */,
				9F977D2A227306A400E214F6 /* DetailCollectionVC.swift */,
				9F256A85226088C5003D459A /* DetailVC.swift */,
				9F2EC0DA2292B49D00EED38A /* ObjectPreviewView.swift */,
				9F5D656A23054A3D007B2BF4 /* Google Maps markers and items */,
				9F977D292273060500E214F6 /* Cells */,
			);
			path = Controlers;
			sourceTree = "<group>";
		};
		9F4CD14022537E4E001EBCD2 /* View */ = {
			isa = PBXGroup;
			children = (
				9F4CD13622537CA9001EBCD2 /* LaunchScreen.storyboard */,
				9F4CD12E22537CA8001EBCD2 /* Main.storyboard */,
				9FA4948622F830D90051C255 /* ObjectPreviewView.xib */,
				9F3900D323422F8600FFF921 /* LogIn.storyboard */,
				9F3900D523422F9B00FFF921 /* SignUp.storyboard */,
				9F1AA24C2342321C0093C23A /* Map.storyboard */,
				9F1AA24E234232AC0093C23A /* CategoryCollection.storyboard */,
				9F9333A22342338400C45916 /* Detail.storyboard */,
				9F519C892342346D007C5B6B /* Season.storyboard */,
				9FA8406A2342349A008CFF67 /* Settings.storyboard */,
			);
			path = View;
			sourceTree = "<group>";
		};
		9F4CD14122537E69001EBCD2 /* Model */ = {
			isa = PBXGroup;
			children = (
				9F4CD13122537CA8001EBCD2 /* DataModel.xcdatamodeld */,
				9FB93AC1225DF78300360E48 /* CategoryList.swift */,
				9F74E25B2265EEC8007D843F /* MapStyle.json */,
				9FA4948822F856B60051C255 /* Data.json */,
				9F5D656823054483007B2BF4 /* POIItem.swift */,
			);
			path = Model;
			sourceTree = "<group>";
		};
		9F4CD14222537E7C001EBCD2 /* Other */ = {
			isa = PBXGroup;
			children = (
				9F4CD13422537CA9001EBCD2 /* Assets.xcassets */,
				9F4CD12A22537CA8001EBCD2 /* AppDelegate.swift */,
				9F4CD13922537CA9001EBCD2 /* Info.plist */,
			);
			path = Other;
			sourceTree = "<group>";
		};
		9F5D653C2302A762007B2BF4 /* Google-Maps-iOS-Utils */ = {
			isa = PBXGroup;
			children = (
				9F5D653D2302A762007B2BF4 /* GMUGridBasedClusterAlgorithm.m */,
				9F5D653E2302A762007B2BF4 /* GMUClusterIconGenerator.h */,
				9F5D653F2302A762007B2BF4 /* GQTPointQuadTree.m */,
				9F5D65402302A762007B2BF4 /* GMUClusterManager.m */,
				9F5D65412302A762007B2BF4 /* GQTPointQuadTreeItem.h */,
				9F5D65422302A762007B2BF4 /* GMUClusterAlgorithm.h */,
				9F5D65432302A762007B2BF4 /* GMUStaticCluster.h */,
				9F5D65442302A762007B2BF4 /* GMUClusterRenderer.h */,
				9F5D65452302A762007B2BF4 /* GMUNonHierarchicalDistanceBasedAlgorithm.h */,
				9F5D65462302A762007B2BF4 /* GMUDefaultClusterRenderer+Testing.h */,
				9F5D65472302A762007B2BF4 /* GMUDefaultClusterRenderer.m */,
				9F5D65482302A762007B2BF4 /* GMUWrappingDictionaryKey.m */,
				9F5D65492302A762007B2BF4 /* GMUMarkerClustering.h */,
				9F5D654A2302A762007B2BF4 /* GQTPointQuadTreeChild.m */,
				9F5D654B2302A762007B2BF4 /* GMUDefaultClusterIconGenerator.h */,
				9F5D654C2302A762007B2BF4 /* GMUSimpleClusterAlgorithm.m */,
				9F5D654D2302A762007B2BF4 /* GMUClusterManager.h */,
				9F5D654E2302A762007B2BF4 /* GQTPoint.h */,
				9F5D654F2302A762007B2BF4 /* GQTPointQuadTree.h */,
				9F5D65502302A762007B2BF4 /* GMUGridBasedClusterAlgorithm.h */,
				9F5D65512302A762007B2BF4 /* GMUNonHierarchicalDistanceBasedAlgorithm.m */,
				9F5D65522302A762007B2BF4 /* GMUClusterManager+Testing.h */,
				9F5D65532302A762007B2BF4 /* GMUStaticCluster.m */,
				9F5D65542302A762007B2BF4 /* GMUCluster.h */,
				9F5D65552302A762007B2BF4 /* GMUClusterItem.h */,
				9F5D65562302A762007B2BF4 /* GMUSimpleClusterAlgorithm.h */,
				9F5D65572302A762007B2BF4 /* GMUDefaultClusterIconGenerator.m */,
				9F5D65582302A762007B2BF4 /* GQTPointQuadTreeChild.h */,
				9F5D65592302A762007B2BF4 /* GMUWrappingDictionaryKey.h */,
				9F5D655A2302A762007B2BF4 /* GMUDefaultClusterRenderer.h */,
				9F5D655B2302A762007B2BF4 /* GQTBounds.h */,
				9F5D655C2302A762007B2BF4 /* GMUDefaultClusterIconGenerator+Testing.h */,
			);
			name = "Google-Maps-iOS-Utils";
			path = "New Group";
			sourceTree = "<group>";
		};
		9F5D656A23054A3D007B2BF4 /* Google Maps markers and items */ = {
			isa = PBXGroup;
			children = (
				9F5D64ED2302A0F7007B2BF4 /* GoogleUtils-Bridging-Header.h */,
				9F5D6567230441AB007B2BF4 /* MarkerManager.h */,
				9F5D656B23054A6E007B2BF4 /* CustomMarkers.swift */,
			);
			path = "Google Maps markers and items";
			sourceTree = "<group>";
		};
		9F977D032272FF5E00E214F6 /* DesignableX */ = {
			isa = PBXGroup;
			children = (
				9FE1EAA22282F269002A3CC6 /* DesignableX */,
				9F977D242273040100E214F6 /* dadhand */,
				9F977D1F2273029500E214F6 /* domestic-mannersFont */,
				9F977D182272FF7B00E214F6 /* scriptinaFont */,
			);
			name = DesignableX;
			path = "../../../../Downloads/DesignableX-master/DesignableXTesting/DesignableXTesting/DesignableX";
			sourceTree = "<group>";
		};
		9F977D182272FF7B00E214F6 /* scriptinaFont */ = {
			isa = PBXGroup;
			children = (
				9F977D192272FF7B00E214F6 /* SCRIPTIN.ttf */,
				9F977D1A2272FF7B00E214F6 /* readme.txt */,
				9F977D1B2272FF7B00E214F6 /* SCRIPALT.ttf */,
			);
			name = scriptinaFont;
			path = ../../../../scriptinaFont;
			sourceTree = "<group>";
		};
		9F977D1F2273029500E214F6 /* domestic-mannersFont */ = {
			isa = PBXGroup;
			children = (
				9F977D202273029500E214F6 /* Domestic_Manners.ttf */,
				9F977D212273029500E214F6 /* license.txt */,
			);
			name = "domestic-mannersFont";
			path = "../../../../domestic-mannersFont";
			sourceTree = "<group>";
		};
		9F977D242273040100E214F6 /* dadhand */ = {
			isa = PBXGroup;
			children = (
				9F977D252273040100E214F6 /* ReadMe.txt */,
				9F977D262273040100E214F6 /* dadha___.ttf */,
			);
			name = dadhand;
			path = ../../../../dadhand;
			sourceTree = "<group>";
		};
		9F977D292273060500E214F6 /* Cells */ = {
			isa = PBXGroup;
			children = (
				9F977D012271D3B500E214F6 /* CategoryCell.swift */,
				9F0888F122787EAE00773BE6 /* DetailCell.swift */,
			);
			path = Cells;
			sourceTree = "<group>";
		};
		9FE1EAA22282F269002A3CC6 /* DesignableX */ = {
			isa = PBXGroup;
			children = (
				9FBE2FFF2359D0D100F2337E /* UIButtonX.swift */,
				9FBE2FFC2359D0D000F2337E /* UIImageViewX.swift */,
				9FBE2FFB2359D0D000F2337E /* UILabelX.swift */,
				9FBE2FF82359D0CF00F2337E /* UISliderX.swift */,
				9FBE2FF92359D0D000F2337E /* UITextFieldX.swift */,
				9FBE2FFE2359D0D000F2337E /* UIViewAnchorPoint.swift */,
				9FBE2FFA2359D0D000F2337E /* UIViewControllerX.swift */,
				9FBE30002359D0D100F2337E /* UIViewX.swift */,
				9FBE2FF72359D0CF00F2337E /* UIViewXRadialGradient.swift */,
				9FBE2FFD2359D0D000F2337E /* UIVisualEffectViewX.swift */,
			);
			path = DesignableX;
			sourceTree = "<group>";
		};
		C6F762A8100DFD94CCBD4B81 /* Pods */ = {
			isa = PBXGroup;
			children = (
				858E39007F9B1CCDEAB339AF /* Pods-Places in LV.debug.xcconfig */,
				F6BD1DBBBE92605C7FC31AD4 /* Pods-Places in LV.release.xcconfig */,
			);
			name = Pods;
			sourceTree = "<group>";
		};
/* End PBXGroup section */

/* Begin PBXNativeTarget section */
		9F4CD12622537CA8001EBCD2 /* Places in LV */ = {
			isa = PBXNativeTarget;
			buildConfigurationList = 9F4CD13C22537CA9001EBCD2 /* Build configuration list for PBXNativeTarget "Places in LV" */;
			buildPhases = (
				8ADBB605AECE22E4D6FF9CED /* [CP] Check Pods Manifest.lock */,
				9F4CD12322537CA8001EBCD2 /* Sources */,
				9F4CD12422537CA8001EBCD2 /* Frameworks */,
				9F4CD12522537CA8001EBCD2 /* Resources */,
				C670339D4804DD0E982032BB /* [CP] Copy Pods Resources */,
				0E0BA2440637ED5D455CA16E /* [CP] Embed Pods Frameworks */,
			);
			buildRules = (
			);
			dependencies = (
			);
			name = "Places in LV";
			productName = "Places in LV";
			productReference = 9F4CD12722537CA8001EBCD2 /* Places in LV.app */;
			productType = "com.apple.product-type.application";
		};
/* End PBXNativeTarget section */

/* Begin PBXProject section */
		9F4CD11F22537CA8001EBCD2 /* Project object */ = {
			isa = PBXProject;
			attributes = {
				LastSwiftUpdateCheck = 1020;
				LastUpgradeCheck = 1020;
				ORGANIZATIONNAME = "Aleksandrs Muravjovs";
				TargetAttributes = {
					9F4CD12622537CA8001EBCD2 = {
						CreatedOnToolsVersion = 10.2;
					};
				};
			};
			buildConfigurationList = 9F4CD12222537CA8001EBCD2 /* Build configuration list for PBXProject "Places in LV" */;
			compatibilityVersion = "Xcode 9.3";
			developmentRegion = en;
			hasScannedForEncodings = 0;
			knownRegions = (
				en,
				Base,
				ru,
				lv,
			);
			mainGroup = 9F4CD11E22537CA8001EBCD2;
			productRefGroup = 9F4CD12822537CA8001EBCD2 /* Products */;
			projectDirPath = "";
			projectRoot = "";
			targets = (
				9F4CD12622537CA8001EBCD2 /* Places in LV */,
			);
		};
/* End PBXProject section */

/* Begin PBXResourcesBuildPhase section */
		9F4CD12522537CA8001EBCD2 /* Resources */ = {
			isa = PBXResourcesBuildPhase;
			buildActionMask = 2147483647;
			files = (
				9F4CD13822537CA9001EBCD2 /* LaunchScreen.storyboard in Resources */,
				9FE63C1A225497DF00F7C5BC /* Default-568h@2x.png in Resources */,
				9F74E25C2265EEC8007D843F /* MapStyle.json in Resources */,
				9FA4948922F856B60051C255 /* Data.json in Resources */,
				9F4CD13522537CA9001EBCD2 /* Assets.xcassets in Resources */,
				9F519C8A2342346D007C5B6B /* Season.storyboard in Resources */,
				9FA8406B2342349A008CFF67 /* Settings.storyboard in Resources */,
				9F9333A32342338400C45916 /* Detail.storyboard in Resources */,
				9F4CD13022537CA8001EBCD2 /* Main.storyboard in Resources */,
				9F1AA24D2342321C0093C23A /* Map.storyboard in Resources */,
				9F1AA24F234232AC0093C23A /* CategoryCollection.storyboard in Resources */,
				9F3900D423422F8600FFF921 /* LogIn.storyboard in Resources */,
				9F46ACCD235DEB64001A527C /* Localizable.strings in Resources */,
				9FA4948722F830D90051C255 /* ObjectPreviewView.xib in Resources */,
				9F62028A231D2F2E00A8E0CC /* GoogleService-Info.plist in Resources */,
				9F3900D623422F9B00FFF921 /* SignUp.storyboard in Resources */,
			);
			runOnlyForDeploymentPostprocessing = 0;
		};
/* End PBXResourcesBuildPhase section */

/* Begin PBXShellScriptBuildPhase section */
		0E0BA2440637ED5D455CA16E /* [CP] Embed Pods Frameworks */ = {
			isa = PBXShellScriptBuildPhase;
			buildActionMask = 2147483647;
			files = (
			);
			inputPaths = (
				"${SRCROOT}/Pods/Target Support Files/Pods-Places in LV/Pods-Places in LV-frameworks.sh",
				"${BUILT_PRODUCTS_DIR}/AppAuth/AppAuth.framework",
				"${BUILT_PRODUCTS_DIR}/BoringSSL-GRPC/openssl_grpc.framework",
				"${BUILT_PRODUCTS_DIR}/FBSDKCoreKit/FBSDKCoreKit.framework",
				"${BUILT_PRODUCTS_DIR}/FBSDKLoginKit/FBSDKLoginKit.framework",
				"${BUILT_PRODUCTS_DIR}/GTMAppAuth/GTMAppAuth.framework",
				"${BUILT_PRODUCTS_DIR}/GTMSessionFetcher/GTMSessionFetcher.framework",
				"${BUILT_PRODUCTS_DIR}/GoogleUtilities/GoogleUtilities.framework",
				"${BUILT_PRODUCTS_DIR}/Hero/Hero.framework",
				"${BUILT_PRODUCTS_DIR}/LanguageManager-iOS/LanguageManager_iOS.framework",
				"${BUILT_PRODUCTS_DIR}/Protobuf/Protobuf.framework",
				"${BUILT_PRODUCTS_DIR}/gRPC-C++/grpcpp.framework",
				"${BUILT_PRODUCTS_DIR}/gRPC-Core/grpc.framework",
				"${BUILT_PRODUCTS_DIR}/leveldb-library/leveldb.framework",
				"${BUILT_PRODUCTS_DIR}/nanopb/nanopb.framework",
			);
			name = "[CP] Embed Pods Frameworks";
			outputPaths = (
				"${TARGET_BUILD_DIR}/${FRAMEWORKS_FOLDER_PATH}/AppAuth.framework",
				"${TARGET_BUILD_DIR}/${FRAMEWORKS_FOLDER_PATH}/openssl_grpc.framework",
				"${TARGET_BUILD_DIR}/${FRAMEWORKS_FOLDER_PATH}/FBSDKCoreKit.framework",
				"${TARGET_BUILD_DIR}/${FRAMEWORKS_FOLDER_PATH}/FBSDKLoginKit.framework",
				"${TARGET_BUILD_DIR}/${FRAMEWORKS_FOLDER_PATH}/GTMAppAuth.framework",
				"${TARGET_BUILD_DIR}/${FRAMEWORKS_FOLDER_PATH}/GTMSessionFetcher.framework",
				"${TARGET_BUILD_DIR}/${FRAMEWORKS_FOLDER_PATH}/GoogleUtilities.framework",
				"${TARGET_BUILD_DIR}/${FRAMEWORKS_FOLDER_PATH}/Hero.framework",
				"${TARGET_BUILD_DIR}/${FRAMEWORKS_FOLDER_PATH}/LanguageManager_iOS.framework",
				"${TARGET_BUILD_DIR}/${FRAMEWORKS_FOLDER_PATH}/Protobuf.framework",
				"${TARGET_BUILD_DIR}/${FRAMEWORKS_FOLDER_PATH}/grpcpp.framework",
				"${TARGET_BUILD_DIR}/${FRAMEWORKS_FOLDER_PATH}/grpc.framework",
				"${TARGET_BUILD_DIR}/${FRAMEWORKS_FOLDER_PATH}/leveldb.framework",
				"${TARGET_BUILD_DIR}/${FRAMEWORKS_FOLDER_PATH}/nanopb.framework",
			);
			runOnlyForDeploymentPostprocessing = 0;
			shellPath = /bin/sh;
			shellScript = "\"${SRCROOT}/Pods/Target Support Files/Pods-Places in LV/Pods-Places in LV-frameworks.sh\"\n";
			showEnvVarsInLog = 0;
		};
		8ADBB605AECE22E4D6FF9CED /* [CP] Check Pods Manifest.lock */ = {
			isa = PBXShellScriptBuildPhase;
			buildActionMask = 2147483647;
			files = (
			);
			inputPaths = (
				"${PODS_PODFILE_DIR_PATH}/Podfile.lock",
				"${PODS_ROOT}/Manifest.lock",
			);
			name = "[CP] Check Pods Manifest.lock";
			outputPaths = (
				"$(DERIVED_FILE_DIR)/Pods-Places in LV-checkManifestLockResult.txt",
			);
			runOnlyForDeploymentPostprocessing = 0;
			shellPath = /bin/sh;
			shellScript = "diff \"${PODS_PODFILE_DIR_PATH}/Podfile.lock\" \"${PODS_ROOT}/Manifest.lock\" > /dev/null\nif [ $? != 0 ] ; then\n    # print error to STDERR\n    echo \"error: The sandbox is not in sync with the Podfile.lock. Run 'pod install' or update your CocoaPods installation.\" >&2\n    exit 1\nfi\n# This output is used by Xcode 'outputs' to avoid re-running this script phase.\necho \"SUCCESS\" > \"${SCRIPT_OUTPUT_FILE_0}\"\n";
			showEnvVarsInLog = 0;
		};
		C670339D4804DD0E982032BB /* [CP] Copy Pods Resources */ = {
			isa = PBXShellScriptBuildPhase;
			buildActionMask = 2147483647;
			files = (
			);
			inputPaths = (
				"${SRCROOT}/Pods/Target Support Files/Pods-Places in LV/Pods-Places in LV-resources.sh",
				"${PODS_ROOT}/GoogleMaps/Maps/Frameworks/GoogleMaps.framework/Resources/GoogleMaps.bundle",
				"${PODS_ROOT}/GooglePlaces/Frameworks/GooglePlaces.framework/Resources/GooglePlaces.bundle",
				"${PODS_ROOT}/GoogleSignIn/Resources/GoogleSignIn.bundle",
			);
			name = "[CP] Copy Pods Resources";
			outputPaths = (
				"${TARGET_BUILD_DIR}/${UNLOCALIZED_RESOURCES_FOLDER_PATH}/GoogleMaps.bundle",
				"${TARGET_BUILD_DIR}/${UNLOCALIZED_RESOURCES_FOLDER_PATH}/GooglePlaces.bundle",
				"${TARGET_BUILD_DIR}/${UNLOCALIZED_RESOURCES_FOLDER_PATH}/GoogleSignIn.bundle",
			);
			runOnlyForDeploymentPostprocessing = 0;
			shellPath = /bin/sh;
			shellScript = "\"${SRCROOT}/Pods/Target Support Files/Pods-Places in LV/Pods-Places in LV-resources.sh\"\n";
			showEnvVarsInLog = 0;
		};
/* End PBXShellScriptBuildPhase section */

/* Begin PBXSourcesBuildPhase section */
		9F4CD12322537CA8001EBCD2 /* Sources */ = {
			isa = PBXSourcesBuildPhase;
			buildActionMask = 2147483647;
			files = (
				9FF023982321231B004EFDC7 /* ChooseLogInVC.swift in Sources */,
				9F32579C231FA2E6001D738F /* LogInVC.swift in Sources */,
				9F977D2B227306A400E214F6 /* DetailCollectionVC.swift in Sources */,
				9FBE30052359D0D100F2337E /* UILabelX.swift in Sources */,
				9F5D655E2302A762007B2BF4 /* GQTPointQuadTree.m in Sources */,
				9FB93AC2225DF78300360E48 /* CategoryList.swift in Sources */,
				9F5D65652302A762007B2BF4 /* GMUStaticCluster.m in Sources */,
				9F3EC058234610BE00B076CE /* Popover.swift in Sources */,
				9F5D65612302A762007B2BF4 /* GMUWrappingDictionaryKey.m in Sources */,
				9F5D65642302A762007B2BF4 /* GMUNonHierarchicalDistanceBasedAlgorithm.m in Sources */,
				9F32579A231FA2D6001D738F /* SignUpVC.swift in Sources */,
				9FB93AC4225DFDDC00360E48 /* DetailTableViewController.swift in Sources */,
				9F4CD13322537CA8001EBCD2 /* DataModel.xcdatamodeld in Sources */,
				9F4CD12D22537CA8001EBCD2 /* MapViewController.swift in Sources */,
				9FB93AB4225B596900360E48 /* SideMenuVC.swift in Sources */,
				9F5D65602302A762007B2BF4 /* GMUDefaultClusterRenderer.m in Sources */,
				9F0888F222787EAE00773BE6 /* DetailCell.swift in Sources */,
				9F32579E231FA347001D738F /* AuthVC.swift in Sources */,
				9FBE30072359D0D100F2337E /* UIVisualEffectViewX.swift in Sources */,
				9F256A86226088C5003D459A /* DetailVC.swift in Sources */,
				9FBE300A2359D0D100F2337E /* UIViewX.swift in Sources */,
				9F5D65632302A762007B2BF4 /* GMUSimpleClusterAlgorithm.m in Sources */,
				9FBBA31F22562F9E00A8FD2B /* CategoryTableViewController.swift in Sources */,
				9FFC7187231FEAD800E486D0 /* Constants.swift in Sources */,
				9F5D65622302A762007B2BF4 /* GQTPointQuadTreeChild.m in Sources */,
				9FBE30092359D0D100F2337E /* UIButtonX.swift in Sources */,
				9F5D65662302A762007B2BF4 /* GMUDefaultClusterIconGenerator.m in Sources */,
				9F977CFB2271CEEE00E214F6 /* CategoryCollectionVC.swift in Sources */,
				9FB93AB8225B6AC800360E48 /* SearchBySeasonVC.swift in Sources */,
				9F4CD12B22537CA8001EBCD2 /* AppDelegate.swift in Sources */,
				9FBE30012359D0D100F2337E /* UIViewXRadialGradient.swift in Sources */,
				9FBE30042359D0D100F2337E /* UIViewControllerX.swift in Sources */,
				9FBE30082359D0D100F2337E /* UIViewAnchorPoint.swift in Sources */,
				9F977D022271D3B500E214F6 /* CategoryCell.swift in Sources */,
				9FBE30032359D0D100F2337E /* UITextFieldX.swift in Sources */,
				9F5D656C23054A6E007B2BF4 /* CustomMarkers.swift in Sources */,
				9F3257A1231FD4DA001D738F /* Utilities.swift in Sources */,
				9FB93AB6225B5C8E00360E48 /* ContainerView.swift in Sources */,
				9FE05C0423292A4500166DE6 /* Reachability.swift in Sources */,
				9F5D655D2302A762007B2BF4 /* GMUGridBasedClusterAlgorithm.m in Sources */,
				9FBE30022359D0D100F2337E /* UISliderX.swift in Sources */,
				9FB93ABC225B859E00360E48 /* Helper.swift in Sources */,
				9F2EC0DB2292B49D00EED38A /* ObjectPreviewView.swift in Sources */,
				9F5D655F2302A762007B2BF4 /* GMUClusterManager.m in Sources */,
				9FB93ABA225B6AF800360E48 /* SettingsVC.swift in Sources */,
				9FBE30062359D0D100F2337E /* UIImageViewX.swift in Sources */,
				9F5D656923054483007B2BF4 /* POIItem.swift in Sources */,
			);
			runOnlyForDeploymentPostprocessing = 0;
		};
/* End PBXSourcesBuildPhase section */

/* Begin PBXVariantGroup section */
		9F46ACCF235DEB64001A527C /* Localizable.strings */ = {
			isa = PBXVariantGroup;
			children = (
				9F46ACCE235DEB64001A527C /* en */,
				9F46ACD2235EE7E3001A527C /* ru */,
				9F46ACD3235EFB00001A527C /* lv */,
			);
			name = Localizable.strings;
			sourceTree = "<group>";
		};
		9F4CD12E22537CA8001EBCD2 /* Main.storyboard */ = {
			isa = PBXVariantGroup;
			children = (
				9F4CD12F22537CA8001EBCD2 /* Base */,
			);
			name = Main.storyboard;
			sourceTree = "<group>";
		};
		9F4CD13622537CA9001EBCD2 /* LaunchScreen.storyboard */ = {
			isa = PBXVariantGroup;
			children = (
				9F4CD13722537CA9001EBCD2 /* Base */,
			);
			name = LaunchScreen.storyboard;
			sourceTree = "<group>";
		};
/* End PBXVariantGroup section */

/* Begin XCBuildConfiguration section */
		9F4CD13A22537CA9001EBCD2 /* Debug */ = {
			isa = XCBuildConfiguration;
			buildSettings = {
				ALWAYS_SEARCH_USER_PATHS = NO;
				CLANG_ANALYZER_LOCALIZABILITY_NONLOCALIZED = YES;
				CLANG_ANALYZER_NONNULL = YES;
				CLANG_ANALYZER_NUMBER_OBJECT_CONVERSION = YES_AGGRESSIVE;
				CLANG_CXX_LANGUAGE_STANDARD = "gnu++14";
				CLANG_CXX_LIBRARY = "libc++";
				CLANG_ENABLE_MODULES = YES;
				CLANG_ENABLE_OBJC_ARC = YES;
				CLANG_ENABLE_OBJC_WEAK = YES;
				CLANG_WARN_BLOCK_CAPTURE_AUTORELEASING = YES;
				CLANG_WARN_BOOL_CONVERSION = YES;
				CLANG_WARN_COMMA = YES;
				CLANG_WARN_CONSTANT_CONVERSION = YES;
				CLANG_WARN_DEPRECATED_OBJC_IMPLEMENTATIONS = YES;
				CLANG_WARN_DIRECT_OBJC_ISA_USAGE = YES_ERROR;
				CLANG_WARN_DOCUMENTATION_COMMENTS = YES;
				CLANG_WARN_EMPTY_BODY = YES;
				CLANG_WARN_ENUM_CONVERSION = YES;
				CLANG_WARN_INFINITE_RECURSION = YES;
				CLANG_WARN_INT_CONVERSION = YES;
				CLANG_WARN_NON_LITERAL_NULL_CONVERSION = YES;
				CLANG_WARN_OBJC_IMPLICIT_RETAIN_SELF = YES;
				CLANG_WARN_OBJC_LITERAL_CONVERSION = YES;
				CLANG_WARN_OBJC_ROOT_CLASS = YES_ERROR;
				CLANG_WARN_RANGE_LOOP_ANALYSIS = YES;
				CLANG_WARN_STRICT_PROTOTYPES = YES;
				CLANG_WARN_SUSPICIOUS_MOVE = YES;
				CLANG_WARN_UNGUARDED_AVAILABILITY = YES_AGGRESSIVE;
				CLANG_WARN_UNREACHABLE_CODE = YES;
				CLANG_WARN__DUPLICATE_METHOD_MATCH = YES;
				CODE_SIGN_IDENTITY = "iPhone Developer";
				COPY_PHASE_STRIP = NO;
				DEBUG_INFORMATION_FORMAT = dwarf;
				ENABLE_STRICT_OBJC_MSGSEND = YES;
				ENABLE_TESTABILITY = YES;
				GCC_C_LANGUAGE_STANDARD = gnu11;
				GCC_DYNAMIC_NO_PIC = NO;
				GCC_NO_COMMON_BLOCKS = YES;
				GCC_OPTIMIZATION_LEVEL = 0;
				GCC_PREPROCESSOR_DEFINITIONS = (
					"DEBUG=1",
					"$(inherited)",
				);
				GCC_WARN_64_TO_32_BIT_CONVERSION = YES;
				GCC_WARN_ABOUT_RETURN_TYPE = YES_ERROR;
				GCC_WARN_UNDECLARED_SELECTOR = YES;
				GCC_WARN_UNINITIALIZED_AUTOS = YES_AGGRESSIVE;
				GCC_WARN_UNUSED_FUNCTION = YES;
				GCC_WARN_UNUSED_VARIABLE = YES;
				IPHONEOS_DEPLOYMENT_TARGET = 12.2;
				MTL_ENABLE_DEBUG_INFO = INCLUDE_SOURCE;
				MTL_FAST_MATH = YES;
				ONLY_ACTIVE_ARCH = YES;
				SDKROOT = iphoneos;
				SWIFT_ACTIVE_COMPILATION_CONDITIONS = DEBUG;
				SWIFT_OPTIMIZATION_LEVEL = "-Onone";
			};
			name = Debug;
		};
		9F4CD13B22537CA9001EBCD2 /* Release */ = {
			isa = XCBuildConfiguration;
			buildSettings = {
				ALWAYS_SEARCH_USER_PATHS = NO;
				CLANG_ANALYZER_LOCALIZABILITY_NONLOCALIZED = YES;
				CLANG_ANALYZER_NONNULL = YES;
				CLANG_ANALYZER_NUMBER_OBJECT_CONVERSION = YES_AGGRESSIVE;
				CLANG_CXX_LANGUAGE_STANDARD = "gnu++14";
				CLANG_CXX_LIBRARY = "libc++";
				CLANG_ENABLE_MODULES = YES;
				CLANG_ENABLE_OBJC_ARC = YES;
				CLANG_ENABLE_OBJC_WEAK = YES;
				CLANG_WARN_BLOCK_CAPTURE_AUTORELEASING = YES;
				CLANG_WARN_BOOL_CONVERSION = YES;
				CLANG_WARN_COMMA = YES;
				CLANG_WARN_CONSTANT_CONVERSION = YES;
				CLANG_WARN_DEPRECATED_OBJC_IMPLEMENTATIONS = YES;
				CLANG_WARN_DIRECT_OBJC_ISA_USAGE = YES_ERROR;
				CLANG_WARN_DOCUMENTATION_COMMENTS = YES;
				CLANG_WARN_EMPTY_BODY = YES;
				CLANG_WARN_ENUM_CONVERSION = YES;
				CLANG_WARN_INFINITE_RECURSION = YES;
				CLANG_WARN_INT_CONVERSION = YES;
				CLANG_WARN_NON_LITERAL_NULL_CONVERSION = YES;
				CLANG_WARN_OBJC_IMPLICIT_RETAIN_SELF = YES;
				CLANG_WARN_OBJC_LITERAL_CONVERSION = YES;
				CLANG_WARN_OBJC_ROOT_CLASS = YES_ERROR;
				CLANG_WARN_RANGE_LOOP_ANALYSIS = YES;
				CLANG_WARN_STRICT_PROTOTYPES = YES;
				CLANG_WARN_SUSPICIOUS_MOVE = YES;
				CLANG_WARN_UNGUARDED_AVAILABILITY = YES_AGGRESSIVE;
				CLANG_WARN_UNREACHABLE_CODE = YES;
				CLANG_WARN__DUPLICATE_METHOD_MATCH = YES;
				CODE_SIGN_IDENTITY = "iPhone Developer";
				COPY_PHASE_STRIP = NO;
				DEBUG_INFORMATION_FORMAT = "dwarf-with-dsym";
				ENABLE_NS_ASSERTIONS = NO;
				ENABLE_STRICT_OBJC_MSGSEND = YES;
				GCC_C_LANGUAGE_STANDARD = gnu11;
				GCC_NO_COMMON_BLOCKS = YES;
				GCC_WARN_64_TO_32_BIT_CONVERSION = YES;
				GCC_WARN_ABOUT_RETURN_TYPE = YES_ERROR;
				GCC_WARN_UNDECLARED_SELECTOR = YES;
				GCC_WARN_UNINITIALIZED_AUTOS = YES_AGGRESSIVE;
				GCC_WARN_UNUSED_FUNCTION = YES;
				GCC_WARN_UNUSED_VARIABLE = YES;
				IPHONEOS_DEPLOYMENT_TARGET = 12.2;
				MTL_ENABLE_DEBUG_INFO = NO;
				MTL_FAST_MATH = YES;
				SDKROOT = iphoneos;
				SWIFT_COMPILATION_MODE = wholemodule;
				SWIFT_OPTIMIZATION_LEVEL = "-O";
				VALIDATE_PRODUCT = YES;
			};
			name = Release;
		};
		9F4CD13D22537CA9001EBCD2 /* Debug */ = {
			isa = XCBuildConfiguration;
			baseConfigurationReference = 858E39007F9B1CCDEAB339AF /* Pods-Places in LV.debug.xcconfig */;
			buildSettings = {
				ASSETCATALOG_COMPILER_APPICON_NAME = AppIcon;
				CODE_SIGN_STYLE = Automatic;
				DEVELOPMENT_TEAM = L76KH2KAZX;
				INFOPLIST_FILE = "$(SRCROOT)/Places in LV/Other/Info.plist";
				IPHONEOS_DEPLOYMENT_TARGET = 11.0;
				LD_RUNPATH_SEARCH_PATHS = (
					"$(inherited)",
					"@executable_path/Frameworks",
				);
				PRODUCT_BUNDLE_IDENTIFIER = com.aleksandrsmuravjovs.ExploreLatvia;
				PRODUCT_NAME = "$(TARGET_NAME)";
				SWIFT_OBJC_BRIDGING_HEADER = "/Users/aleksandrsmuravjovs/Documents/Places_In_LV/Places in LV/Controlers/Google Maps markers and items/GoogleUtils-Bridging-Header.h";
				SWIFT_OBJC_INTERFACE_HEADER_NAME = "";
				SWIFT_VERSION = 5.0;
				TARGETED_DEVICE_FAMILY = "1,2";
			};
			name = Debug;
		};
		9F4CD13E22537CA9001EBCD2 /* Release */ = {
			isa = XCBuildConfiguration;
			baseConfigurationReference = F6BD1DBBBE92605C7FC31AD4 /* Pods-Places in LV.release.xcconfig */;
			buildSettings = {
				ASSETCATALOG_COMPILER_APPICON_NAME = AppIcon;
				CODE_SIGN_STYLE = Automatic;
				DEVELOPMENT_TEAM = L76KH2KAZX;
				INFOPLIST_FILE = "$(SRCROOT)/Places in LV/Other/Info.plist";
				IPHONEOS_DEPLOYMENT_TARGET = 11.0;
				LD_RUNPATH_SEARCH_PATHS = (
					"$(inherited)",
					"@executable_path/Frameworks",
				);
				PRODUCT_BUNDLE_IDENTIFIER = com.aleksandrsmuravjovs.ExploreLatvia;
				PRODUCT_NAME = "$(TARGET_NAME)";
				SWIFT_OBJC_BRIDGING_HEADER = "/Users/aleksandrsmuravjovs/Documents/Places_In_LV/Places in LV/Controlers/Google Maps markers and items/GoogleUtils-Bridging-Header.h";
				SWIFT_OBJC_INTERFACE_HEADER_NAME = "";
				SWIFT_VERSION = 5.0;
				TARGETED_DEVICE_FAMILY = "1,2";
			};
			name = Release;
		};
/* End XCBuildConfiguration section */

/* Begin XCConfigurationList section */
		9F4CD12222537CA8001EBCD2 /* Build configuration list for PBXProject "Places in LV" */ = {
			isa = XCConfigurationList;
			buildConfigurations = (
				9F4CD13A22537CA9001EBCD2 /* Debug */,
				9F4CD13B22537CA9001EBCD2 /* Release */,
			);
			defaultConfigurationIsVisible = 0;
			defaultConfigurationName = Release;
		};
		9F4CD13C22537CA9001EBCD2 /* Build configuration list for PBXNativeTarget "Places in LV" */ = {
			isa = XCConfigurationList;
			buildConfigurations = (
				9F4CD13D22537CA9001EBCD2 /* Debug */,
				9F4CD13E22537CA9001EBCD2 /* Release */,
			);
			defaultConfigurationIsVisible = 0;
			defaultConfigurationName = Release;
		};
/* End XCConfigurationList section */

/* Begin XCVersionGroup section */
		9F4CD13122537CA8001EBCD2 /* DataModel.xcdatamodeld */ = {
			isa = XCVersionGroup;
			children = (
				9F4CD13222537CA8001EBCD2 /* Places_in_LV.xcdatamodel */,
			);
			currentVersion = 9F4CD13222537CA8001EBCD2 /* Places_in_LV.xcdatamodel */;
			path = DataModel.xcdatamodeld;
			sourceTree = "<group>";
			versionGroupType = wrapper.xcdatamodel;
		};
/* End XCVersionGroup section */
	};
	rootObject = 9F4CD11F22537CA8001EBCD2 /* Project object */;
}
